
Microsoft Visual Studio Solution File, Format Version 12.00
# Visual Studio Version 17
VisualStudioVersion = 17.6.33815.320
MinimumVisualStudioVersion = 10.0.40219.1
Project("{FAE04EC0-301F-11D3-BF4B-00C04F79EFBC}") = "BeerCrud", "BeerCrud\BeerCrud.csproj", "{C7CE6F21-3BE6-4266-ADBD-510BB49921FA}"
EndProject
Global
	GlobalSection(SolutionConfigurationPlatforms) = preSolution
		Debug|Any CPU = Debug|Any CPU
		Release|Any CPU = Release|Any CPU
	EndGlobalSection
	GlobalSection(ProjectConfigurationPlatforms) = postSolution
		{C7CE6F21-3BE6-4266-ADBD-510BB49921FA}.Debug|Any CPU.ActiveCfg = Debug|Any CPU
		{C7CE6F21-3BE6-4266-ADBD-510BB49921FA}.Debug|Any CPU.Build.0 = Debug|Any CPU
		{C7CE6F21-3BE6-4266-ADBD-510BB49921FA}.Release|Any CPU.ActiveCfg = Release|Any CPU
		{C7CE6F21-3BE6-4266-ADBD-510BB49921FA}.Release|Any CPU.Build.0 = Release|Any CPU
	EndGlobalSection
	GlobalSection(SolutionProperties) = preSolution
		HideSolutionNode = FALSE
	EndGlobalSection
	GlobalSection(ExtensibilityGlobals) = postSolution
		SolutionGuid = {E1B0CE21-FD47-4104-A305-C7E444238395}
	EndGlobalSection
EndGlobal
